PODS:
  - FontAwesome.swift (1.9.1)
  - SnapKit (5.0.1)
  - SwiftLint (0.43.1)
  - Swinject (2.7.0)
  - SwinjectAutoregistration (2.7.0):
    - Swinject (~> 2.7)

DEPENDENCIES:
  - FontAwesome.swift
  - SnapKit
  - SwiftLint
  - Swinject (= 2.7.0)
  - SwinjectAutoregistration (= 2.7.0)

SPEC REPOS:
  trunk:
    - FontAwesome.swift
    - SnapKit
    - SwiftLint
    - Swinject
    - SwinjectAutoregistration

SPEC CHECKSUMS:
  FontAwesome.swift: 6b52cb7be66eacd28cbfaa0ca7ffd0de4a186a1d
  SnapKit: 97b92857e3df3a0c71833cce143274bf6ef8e5eb
  SwiftLint: 99f82d07b837b942dd563c668de129a03fc3fb52
  Swinject: 18195e17ad6140f994e95e11c7b04b21410598e8
  SwinjectAutoregistration: 330f5012642a8b5c89a8a4adb0c5e52df07382c0

PODFILE CHECKSUM: c0340f63128c454dc750ce96ad2df4d255f44e9a

COCOAPODS: 1.10.1
